
Microsoft Visual Studio Solution File, Format Version 12.00
# Visual Studio Version 17
VisualStudioVersion = 17.5.33502.453
MinimumVisualStudioVersion = 10.0.40219.1
Project("{FAE04EC0-301F-11D3-BF4B-00C04F79EFBC}") = "WindowsFormsApp1", "WindowsFormsApp1\WindowsFormsApp1.csproj", "{32E76A99-1432-42B7-B9D7-C1A5D939FACA}"
EndProject
Global
	GlobalSection(SolutionConfigurationPlatforms) = preSolution
		Debug|Any CPU = Debug|Any CPU
		Release|Any CPU = Release|Any CPU
	EndGlobalSection
	GlobalSection(ProjectConfigurationPlatforms) = postSolution
		{32E76A99-1432-42B7-B9D7-C1A5D939FACA}.Debug|Any CPU.ActiveCfg = Debug|Any CPU
		{32E76A99-1432-42B7-B9D7-C1A5D939FACA}.Debug|Any CPU.Build.0 = Debug|Any CPU
		{32E76A99-1432-42B7-B9D7-C1A5D939FACA}.Release|Any CPU.ActiveCfg = Release|Any CPU
		{32E76A99-1432-42B7-B9D7-C1A5D939FACA}.Release|Any CPU.Build.0 = Release|Any CPU
	EndGlobalSection
	GlobalSection(SolutionProperties) = preSolution
		HideSolutionNode = FALSE
	EndGlobalSection
	GlobalSection(ExtensibilityGlobals) = postSolution
		SolutionGuid = {DAB9ADC7-3293-4913-B6ED-B609C0FDD597}
	EndGlobalSection
EndGlobal
